
Microsoft Visual Studio Solution File, Format Version 12.00
# Visual Studio Version 17
VisualStudioVersion = 17.2.32516.85
MinimumVisualStudioVersion = 10.0.40219.1
Project("{FAE04EC0-301F-11D3-BF4B-00C04F79EFBC}") = "WindowsFormsApp1", "WindowsFormsApp1.csproj", "{2C03BC6C-8EA6-4F7B-815E-3AFB3A9ECA4A}"
EndProject
Global
	GlobalSection(SolutionConfigurationPlatforms) = preSolution
		Debug|Any CPU = Debug|Any CPU
		Debug|x64 = Debug|x64
		Release|Any CPU = Release|Any CPU
		Release|x64 = Release|x64
	EndGlobalSection
	GlobalSection(ProjectConfigurationPlatforms) = postSolution
		{2C03BC6C-8EA6-4F7B-815E-3AFB3A9ECA4A}.Debug|Any CPU.ActiveCfg = Debug|Any CPU
		{2C03BC6C-8EA6-4F7B-815E-3AFB3A9ECA4A}.Debug|Any CPU.Build.0 = Debug|Any CPU
		{2C03BC6C-8EA6-4F7B-815E-3AFB3A9ECA4A}.Debug|x64.ActiveCfg = Debug|x64
		{2C03BC6C-8EA6-4F7B-815E-3AFB3A9ECA4A}.Debug|x64.Build.0 = Debug|x64
		{2C03BC6C-8EA6-4F7B-815E-3AFB3A9ECA4A}.Release|Any CPU.ActiveCfg = Release|Any CPU
		{2C03BC6C-8EA6-4F7B-815E-3AFB3A9ECA4A}.Release|Any CPU.Build.0 = Release|Any CPU
		{2C03BC6C-8EA6-4F7B-815E-3AFB3A9ECA4A}.Release|x64.ActiveCfg = Release|x64
		{2C03BC6C-8EA6-4F7B-815E-3AFB3A9ECA4A}.Release|x64.Build.0 = Release|x64
	EndGlobalSection
	GlobalSection(SolutionProperties) = preSolution
		HideSolutionNode = FALSE
	EndGlobalSection
	GlobalSection(ExtensibilityGlobals) = postSolution
		SolutionGuid = {CC3751DC-D8BC-4CEF-81A1-3CACDAB6B35E}
	EndGlobalSection
EndGlobal
